Microsoft Visual Studio Solution File, Format Version 12.00
# Visual Studio Version 17
VisualStudioVersion = 17.5.2.0
MinimumVisualStudioVersion = 10.0.40219.1
Project("{FAE04EC0-301F-11D3-BF4B-00C04F79EFBC}") = "PulsarCodec", "PulsarCodec.csproj", "{39064538-0510-2E8B-3CDE-745F9A9504EE}"
EndProject
Global
	GlobalSection(SolutionConfigurationPlatforms) = preSolution
		Debug|Any CPU = Debug|Any CPU
		Release|Any CPU = Release|Any CPU
	EndGlobalSection
	GlobalSection(ProjectConfigurationPlatforms) = postSolution
		{39064538-0510-2E8B-3CDE-745F9A9504EE}.Debug|Any CPU.ActiveCfg = Debug|Any CPU
		{39064538-0510-2E8B-3CDE-745F9A9504EE}.Debug|Any CPU.Build.0 = Debug|Any CPU
		{39064538-0510-2E8B-3CDE-745F9A9504EE}.Release|Any CPU.ActiveCfg = Release|Any CPU
		{39064538-0510-2E8B-3CDE-745F9A9504EE}.Release|Any CPU.Build.0 = Release|Any CPU
	EndGlobalSection
	GlobalSection(SolutionProperties) = preSolution
		HideSolutionNode = FALSE
	EndGlobalSection
	GlobalSection(ExtensibilityGlobals) = postSolution
		SolutionGuid = {62EF5178-8690-48FA-906C-2DA2949B4508}
	EndGlobalSection
EndGlobal
